// !$*UTF8*$!
{
	archiveVersion = 1;
	classes = {
	};
	objectVersion = 46;
	objects = {

/* Begin PBXBuildFile section */
		42B2D45DB3944AAB9D4F2CEE /* libPods-DeclarativeExperiment.a in Frameworks */ = {isa = PBXBuildFile; fileRef = 909C125B9D8B497DB037D030 /* libPods-DeclarativeExperiment.a */; };
		D335FFBF1954E37400F46F80 /* main.m in Sources */ = {isa = PBXBuildFile; fileRef = D335FFBE1954E37400F46F80 /* main.m */; };
		D335FFC21954E37400F46F80 /* AppDelegate.m in Sources */ = {isa = PBXBuildFile; fileRef = D335FFC11954E37400F46F80 /* AppDelegate.m */; };
		D335FFC51954E37400F46F80 /* ViewController.m in Sources */ = {isa = PBXBuildFile; fileRef = D335FFC41954E37400F46F80 /* ViewController.m */; };
		D335FFC81954E37400F46F80 /* Main.storyboard in Resources */ = {isa = PBXBuildFile; fileRef = D335FFC61954E37400F46F80 /* Main.storyboard */; };
		D335FFCA1954E37400F46F80 /* Images.xcassets in Resources */ = {isa = PBXBuildFile; fileRef = D335FFC91954E37400F46F80 /* Images.xcassets */; };
		D335FFD61954E37500F46F80 /* DeclarativeExperimentTests.m in Sources */ = {isa = PBXBuildFile; fileRef = D335FFD51954E37500F46F80 /* DeclarativeExperimentTests.m */; };
		D335FFE11954E3EA00F46F80 /* DCRelationship.m in Sources */ = {isa = PBXBuildFile; fileRef = D335FFE01954E3EA00F46F80 /* DCRelationship.m */; };
		D335FFE91954F0DA00F46F80 /* NSObject+RelationshipExtraction.m in Sources */ = {isa = PBXBuildFile; fileRef = D335FFE81954F0DA00F46F80 /* NSObject+RelationshipExtraction.m */; };
		D36B7495195A54F3003E07F6 /* DCTableView.m in Sources */ = {isa = PBXBuildFile; fileRef = D36B7494195A54F3003E07F6 /* DCTableView.m */; };
		D381045B19BA462400F388CA /* DCSendBar.m in Sources */ = {isa = PBXBuildFile; fileRef = D381045A19BA462400F388CA /* DCSendBar.m */; };
/* End PBXBuildFile section */

/* Begin PBXContainerItemProxy section */
		D335FFD01954E37500F46F80 /* PBXContainerItemProxy */ = {
			isa = PBXContainerItemProxy;
			containerPortal = D335FFB11954E37400F46F80 /* Project object */;
			proxyType = 1;
			remoteGlobalIDString = D335FFB81954E37400F46F80;
			remoteInfo = DeclarativeExperiment;
		};
/* End PBXContainerItemProxy section */

/* Begin PBXFileReference section */
		2807CA18E9354715BC95AB17 /* Pods-DeclarativeExperiment.xcconfig */ = {isa = PBXFileReference; includeInIndex = 1; lastKnownFileType = text.xcconfig; name = "Pods-DeclarativeExperiment.xcconfig"; path = "Pods/Pods-DeclarativeExperiment.xcconfig"; sourceTree = "<group>"; };
		909C125B9D8B497DB037D030 /* libPods-DeclarativeExperiment.a */ = {isa = PBXFileReference; explicitFileType = archive.ar; includeInIndex = 0; path = "libPods-DeclarativeExperiment.a"; sourceTree = BUILT_PRODUCTS_DIR; };
		D335FFB91954E37400F46F80 /* DeclarativeExperiment.app */ = {isa = PBXFileReference; explicitFileType = wrapper.application; includeInIndex = 0; path = DeclarativeExperiment.app; sourceTree = BUILT_PRODUCTS_DIR; };
		D335FFBD1954E37400F46F80 /* Info.plist */ = {isa = PBXFileReference; lastKnownFileType = text.plist.xml; path = Info.plist; sourceTree = "<group>"; };
		D335FFBE1954E37400F46F80 /* main.m */ = {isa = PBXFileReference; lastKnownFileType = sourcecode.c.objc; path = main.m; sourceTree = "<group>"; };
		D335FFC01954E37400F46F80 /* AppDelegate.h */ = {isa = PBXFileReference; lastKnownFileType = sourcecode.c.h; path = AppDelegate.h; sourceTree = "<group>"; };
		D335FFC11954E37400F46F80 /* AppDelegate.m */ = {isa = PBXFileReference; lastKnownFileType = sourcecode.c.objc; path = AppDelegate.m; sourceTree = "<group>"; };
		D335FFC31954E37400F46F80 /* ViewController.h */ = {isa = PBXFileReference; lastKnownFileType = sourcecode.c.h; path = ViewController.h; sourceTree = "<group>"; };
		D335FFC41954E37400F46F80 /* ViewController.m */ = {isa = PBXFileReference; lastKnownFileType = sourcecode.c.objc; path = ViewController.m; sourceTree = "<group>"; };
		D335FFC71954E37400F46F80 /* Base */ = {isa = PBXFileReference; lastKnownFileType = file.storyboard; name = Base; path = Base.lproj/Main.storyboard; sourceTree = "<group>"; };
		D335FFC91954E37400F46F80 /* Images.xcassets */ = {isa = PBXFileReference; lastKnownFileType = folder.assetcatalog; path = Images.xcassets; sourceTree = "<group>"; };
		D335FFCF1954E37500F46F80 /* DeclarativeExperimentTests.xctest */ = {isa = PBXFileReference; explicitFileType = wrapper.cfbundle; includeInIndex = 0; path = DeclarativeExperimentTests.xctest; sourceTree = BUILT_PRODUCTS_DIR; };
		D335FFD41954E37500F46F80 /* Info.plist */ = {isa = PBXFileReference; lastKnownFileType = text.plist.xml; path = Info.plist; sourceTree = "<group>"; };
		D335FFD51954E37500F46F80 /* DeclarativeExperimentTests.m */ = {isa = PBXFileReference; lastKnownFileType = sourcecode.c.objc; path = DeclarativeExperimentTests.m; sourceTree = "<group>"; };
		D335FFDF1954E3EA00F46F80 /* DCRelationship.h */ = {isa = PBXFileReference; fileEncoding = 4; lastKnownFileType = sourcecode.c.h; path = DCRelationship.h; sourceTree = "<group>"; };
		D335FFE01954E3EA00F46F80 /* DCRelationship.m */ = {isa = PBXFileReference; fileEncoding = 4; lastKnownFileType = sourcecode.c.objc; path = DCRelationship.m; sourceTree = "<group>"; };
		D335FFE71954F0DA00F46F80 /* NSObject+RelationshipExtraction.h */ = {isa = PBXFileReference; fileEncoding = 4; lastKnownFileType = sourcecode.c.h; path = "NSObject+RelationshipExtraction.h"; sourceTree = "<group>"; };
		D335FFE81954F0DA00F46F80 /* NSObject+RelationshipExtraction.m */ = {isa = PBXFileReference; fileEncoding = 4; lastKnownFileType = sourcecode.c.objc; path = "NSObject+RelationshipExtraction.m"; sourceTree = "<group>"; };
		D36B7493195A54F3003E07F6 /* DCTableView.h */ = {isa = PBXFileReference; fileEncoding = 4; lastKnownFileType = sourcecode.c.h; path = DCTableView.h; sourceTree = "<group>"; };
		D36B7494195A54F3003E07F6 /* DCTableView.m */ = {isa = PBXFileReference; fileEncoding = 4; lastKnownFileType = sourcecode.c.objc; path = DCTableView.m; sourceTree = "<group>"; };
		D381045919BA462400F388CA /* DCSendBar.h */ = {isa = PBXFileReference; fileEncoding = 4; lastKnownFileType = sourcecode.c.h; path = DCSendBar.h; sourceTree = "<group>"; };
		D381045A19BA462400F388CA /* DCSendBar.m */ = {isa = PBXFileReference; fileEncoding = 4; lastKnownFileType = sourcecode.c.objc; path = DCSendBar.m; sourceTree = "<group>"; };
/* End PBXFileReference section */

/* Begin PBXFrameworksBuildPhase section */
		D335FFB61954E37400F46F80 /* Frameworks */ = {
			isa = PBXFrameworksBuildPhase;
			buildActionMask = 2147483647;
			files = (
				42B2D45DB3944AAB9D4F2CEE /* libPods-DeclarativeExperiment.a in Frameworks */,
			);
			runOnlyForDeploymentPostprocessing = 0;
		};
		D335FFCC1954E37500F46F80 /* Frameworks */ = {
			isa = PBXFrameworksBuildPhase;
			buildActionMask = 2147483647;
			files = (
			);
			runOnlyForDeploymentPostprocessing = 0;
		};
/* End PBXFrameworksBuildPhase section */

/* Begin PBXGroup section */
		431B87E5459B455DBC22C9F2 /* Frameworks */ = {
			isa = PBXGroup;
			children = (
				909C125B9D8B497DB037D030 /* libPods-DeclarativeExperiment.a */,
			);
			name = Frameworks;
			sourceTree = "<group>";
		};
		D335FFB01954E37400F46F80 = {
			isa = PBXGroup;
			children = (
				D335FFBB1954E37400F46F80 /* DeclarativeExperiment */,
				D335FFD21954E37500F46F80 /* DeclarativeExperimentTests */,
				D335FFBA1954E37400F46F80 /* Products */,
				2807CA18E9354715BC95AB17 /* Pods-DeclarativeExperiment.xcconfig */,
				431B87E5459B455DBC22C9F2 /* Frameworks */,
			);
			sourceTree = "<group>";
		};
		D335FFBA1954E37400F46F80 /* Products */ = {
			isa = PBXGroup;
			children = (
				D335FFB91954E37400F46F80 /* DeclarativeExperiment.app */,
				D335FFCF1954E37500F46F80 /* DeclarativeExperimentTests.xctest */,
			);
			name = Products;
			sourceTree = "<group>";
		};
		D335FFBB1954E37400F46F80 /* DeclarativeExperiment */ = {
			isa = PBXGroup;
			children = (
				D335FFC01954E37400F46F80 /* AppDelegate.h */,
				D335FFC11954E37400F46F80 /* AppDelegate.m */,
				D335FFC31954E37400F46F80 /* ViewController.h */,
				D335FFC41954E37400F46F80 /* ViewController.m */,
				D335FFEA1954F58C00F46F80 /* Relationship */,
				D381045F19BA46E200F388CA /* Example Views */,
				D335FFC61954E37400F46F80 /* Main.storyboard */,
				D335FFC91954E37400F46F80 /* Images.xcassets */,
				D335FFBC1954E37400F46F80 /* Supporting Files */,
			);
			path = DeclarativeExperiment;
			sourceTree = "<group>";
		};
		D335FFBC1954E37400F46F80 /* Supporting Files */ = {
			isa = PBXGroup;
			children = (
				D335FFBD1954E37400F46F80 /* Info.plist */,
				D335FFBE1954E37400F46F80 /* main.m */,
			);
			name = "Supporting Files";
			sourceTree = "<group>";
		};
		D335FFD21954E37500F46F80 /* DeclarativeExperimentTests */ = {
			isa = PBXGroup;
			children = (
				D335FFD51954E37500F46F80 /* DeclarativeExperimentTests.m */,
				D335FFD31954E37500F46F80 /* Supporting Files */,
			);
			path = DeclarativeExperimentTests;
			sourceTree = "<group>";
		};
		D335FFD31954E37500F46F80 /* Supporting Files */ = {
			isa = PBXGroup;
			children = (
				D335FFD41954E37500F46F80 /* Info.plist */,
			);
			name = "Supporting Files";
			sourceTree = "<group>";
		};
		D335FFEA1954F58C00F46F80 /* Relationship */ = {
			isa = PBXGroup;
			children = (
				D335FFDF1954E3EA00F46F80 /* DCRelationship.h */,
				D335FFE01954E3EA00F46F80 /* DCRelationship.m */,
				D335FFE71954F0DA00F46F80 /* NSObject+RelationshipExtraction.h */,
				D335FFE81954F0DA00F46F80 /* NSObject+RelationshipExtraction.m */,
			);
			name = Relationship;
			sourceTree = "<group>";
		};
		D381045F19BA46E200F388CA /* Example Views */ = {
			isa = PBXGroup;
			children = (
				D36B7493195A54F3003E07F6 /* DCTableView.h */,
				D36B7494195A54F3003E07F6 /* DCTableView.m */,
				D381045919BA462400F388CA /* DCSendBar.h */,
				D381045A19BA462400F388CA /* DCSendBar.m */,
			);
			name = "Example Views";
			sourceTree = "<group>";
		};
/* End PBXGroup section */

/* Begin PBXNativeTarget section */
		D335FFB81954E37400F46F80 /* DeclarativeExperiment */ = {
			isa = PBXNativeTarget;
			buildConfigurationList = D335FFD91954E37500F46F80 /* Build configuration list for PBXNativeTarget "DeclarativeExperiment" */;
			buildPhases = (
				63A428CEE9E94BD6A71664E8 /* Check Pods Manifest.lock */,
				D335FFB51954E37400F46F80 /* Sources */,
				D335FFB61954E37400F46F80 /* Frameworks */,
				D335FFB71954E37400F46F80 /* Resources */,
				5CC002CE32BE47488B2486AA /* Copy Pods Resources */,
			);
			buildRules = (
			);
			dependencies = (
			);
			name = DeclarativeExperiment;
			productName = DeclarativeExperiment;
			productReference = D335FFB91954E37400F46F80 /* DeclarativeExperiment.app */;
			productType = "com.apple.product-type.application";
		};
		D335FFCE1954E37500F46F80 /* DeclarativeExperimentTests */ = {
			isa = PBXNativeTarget;
			buildConfigurationList = D335FFDC1954E37500F46F80 /* Build configuration list for PBXNativeTarget "DeclarativeExperimentTests" */;
			buildPhases = (
				D335FFCB1954E37500F46F80 /* Sources */,
				D335FFCC1954E37500F46F80 /* Frameworks */,
				D335FFCD1954E37500F46F80 /* Resources */,
			);
			buildRules = (
			);
			dependencies = (
				D335FFD11954E37500F46F80 /* PBXTargetDependency */,
			);
			name = DeclarativeExperimentTests;
			productName = DeclarativeExperimentTests;
			productReference = D335FFCF1954E37500F46F80 /* DeclarativeExperimentTests.xctest */;
			productType = "com.apple.product-type.bundle.unit-test";
		};
/* End PBXNativeTarget section */

/* Begin PBXProject section */
		D335FFB11954E37400F46F80 /* Project object */ = {
			isa = PBXProject;
			attributes = {
				LastUpgradeCheck = 0600;
				ORGANIZATIONNAME = "Brian Semiglia";
				TargetAttributes = {
					D335FFB81954E37400F46F80 = {
						CreatedOnToolsVersion = 6.0;
					};
					D335FFCE1954E37500F46F80 = {
						CreatedOnToolsVersion = 6.0;
						TestTargetID = D335FFB81954E37400F46F80;
					};
				};
			};
			buildConfigurationList = D335FFB41954E37400F46F80 /* Build configuration list for PBXProject "DeclarativeExperiment" */;
			compatibilityVersion = "Xcode 3.2";
			developmentRegion = English;
			hasScannedForEncodings = 0;
			knownRegions = (
				en,
				Base,
			);
			mainGroup = D335FFB01954E37400F46F80;
			productRefGroup = D335FFBA1954E37400F46F80 /* Products */;
			projectDirPath = "";
			projectRoot = "";
			targets = (
				D335FFB81954E37400F46F80 /* DeclarativeExperiment */,
				D335FFCE1954E37500F46F80 /* DeclarativeExperimentTests */,
			);
		};
/* End PBXProject section */

/* Begin PBXResourcesBuildPhase section */
		D335FFB71954E37400F46F80 /* Resources */ = {
			isa = PBXResourcesBuildPhase;
			buildActionMask = 2147483647;
			files = (
				D335FFC81954E37400F46F80 /* Main.storyboard in Resources */,
				D335FFCA1954E37400F46F80 /* Images.xcassets in Resources */,
			);
			runOnlyForDeploymentPostprocessing = 0;
		};
		D335FFCD1954E37500F46F80 /* Resources */ = {
			isa = PBXResourcesBuildPhase;
			buildActionMask = 2147483647;
			files = (
			);
			runOnlyForDeploymentPostprocessing = 0;
		};
/* End PBXResourcesBuildPhase section */

/* Begin PBXShellScriptBuildPhase section */
		5CC002CE32BE47488B2486AA /* Copy Pods Resources */ = {
			isa = PBXShellScriptBuildPhase;
			buildActionMask = 2147483647;
			files = (
			);
			inputPaths = (
			);
			name = "Copy Pods Resources";
			outputPaths = (
			);
			runOnlyForDeploymentPostprocessing = 0;
			shellPath = /bin/sh;
			shellScript = "\"${SRCROOT}/Pods/Pods-DeclarativeExperiment-resources.sh\"\n";
			showEnvVarsInLog = 0;
		};
		63A428CEE9E94BD6A71664E8 /* Check Pods Manifest.lock */ = {
			isa = PBXShellScriptBuildPhase;
			buildActionMask = 2147483647;
			files = (
			);
			inputPaths = (
			);
			name = "Check Pods Manifest.lock";
			outputPaths = (
			);
			runOnlyForDeploymentPostprocessing = 0;
			shellPath = /bin/sh;
			shellScript = "diff \"${PODS_ROOT}/../Podfile.lock\" \"${PODS_ROOT}/Manifest.lock\" > /dev/null\nif [[ $? != 0 ]] ; then\n    cat << EOM\nerror: The sandbox is not in sync with the Podfile.lock. Run 'pod install' or update your CocoaPods installation.\nEOM\n    exit 1\nfi\n";
			showEnvVarsInLog = 0;
		};
/* End PBXShellScriptBuildPhase section */

/* Begin PBXSourcesBuildPhase section */
		D335FFB51954E37400F46F80 /* Sources */ = {
			isa = PBXSourcesBuildPhase;
			buildActionMask = 2147483647;
			files = (
				D335FFC51954E37400F46F80 /* ViewController.m in Sources */,
				D335FFE91954F0DA00F46F80 /* NSObject+RelationshipExtraction.m in Sources */,
				D36B7495195A54F3003E07F6 /* DCTableView.m in Sources */,
				D335FFC21954E37400F46F80 /* AppDelegate.m in Sources */,
				D335FFE11954E3EA00F46F80 /* DCRelationship.m in Sources */,
				D381045B19BA462400F388CA /* DCSendBar.m in Sources */,
				D335FFBF1954E37400F46F80 /* main.m in Sources */,
			);
			runOnlyForDeploymentPostprocessing = 0;
		};
		D335FFCB1954E37500F46F80 /* Sources */ = {
			isa = PBXSourcesBuildPhase;
			buildActionMask = 2147483647;
			files = (
				D335FFD61954E37500F46F80 /* DeclarativeExperimentTests.m in Sources */,
			);
			runOnlyForDeploymentPostprocessing = 0;
		};
/* End PBXSourcesBuildPhase section */

/* Begin PBXTargetDependency section */
		D335FFD11954E37500F46F80 /* PBXTargetDependency */ = {
			isa = PBXTargetDependency;
			target = D335FFB81954E37400F46F80 /* DeclarativeExperiment */;
			targetProxy = D335FFD01954E37500F46F80 /* PBXContainerItemProxy */;
		};
/* End PBXTargetDependency section */

/* Begin PBXVariantGroup section */
		D335FFC61954E37400F46F80 /* Main.storyboard */ = {
			isa = PBXVariantGroup;
			children = (
				D335FFC71954E37400F46F80 /* Base */,
			);
			name = Main.storyboard;
			sourceTree = "<group>";
		};
/* End PBXVariantGroup section */

/* Begin XCBuildConfiguration section */
		D335FFD71954E37500F46F80 /* Debug */ = {
			isa = XCBuildConfiguration;
			buildSettings = {
				ALWAYS_SEARCH_USER_PATHS = NO;
				CLANG_CXX_LANGUAGE_STANDARD = "gnu++0x";
				CLANG_CXX_LIBRARY = "libc++";
				CLANG_ENABLE_MODULES = YES;
				CLANG_ENABLE_OBJC_ARC = YES;
				CLANG_WARN_BOOL_CONVERSION = YES;
				CLANG_WARN_CONSTANT_CONVERSION = YES;
				CLANG_WARN_DIRECT_OBJC_ISA_USAGE = YES_ERROR;
				CLANG_WARN_EMPTY_BODY = YES;
				CLANG_WARN_ENUM_CONVERSION = YES;
				CLANG_WARN_INT_CONVERSION = YES;
				CLANG_WARN_OBJC_ROOT_CLASS = YES_ERROR;
				CLANG_WARN_UNREACHABLE_CODE = YES;
				CLANG_WARN__DUPLICATE_METHOD_MATCH = YES;
				"CODE_SIGN_IDENTITY[sdk=iphoneos*]" = "iPhone Developer";
				COPY_PHASE_STRIP = NO;
				ENABLE_STRICT_OBJC_MSGSEND = YES;
				GCC_C_LANGUAGE_STANDARD = gnu99;
				GCC_DYNAMIC_NO_PIC = NO;
				GCC_OPTIMIZATION_LEVEL = 0;
				GCC_PREPROCESSOR_DEFINITIONS = (
					"DEBUG=1",
					"$(inherited)",
				);
				GCC_SYMBOLS_PRIVATE_EXTERN = NO;
				GCC_WARN_64_TO_32_BIT_CONVERSION = YES;
				GCC_WARN_ABOUT_RETURN_TYPE = YES_ERROR;
				GCC_WARN_UNDECLARED_SELECTOR = YES;
				GCC_WARN_UNINITIALIZED_AUTOS = YES_AGGRESSIVE;
				GCC_WARN_UNUSED_FUNCTION = YES;
				GCC_WARN_UNUSED_VARIABLE = YES;
				IPHONEOS_DEPLOYMENT_TARGET = 8.0;
				METAL_ENABLE_DEBUG_INFO = YES;
				ONLY_ACTIVE_ARCH = YES;
				SDKROOT = iphoneos;
				TARGETED_DEVICE_FAMILY = "1,2";
			};
			name = Debug;
		};
		D335FFD81954E37500F46F80 /* Release */ = {
			isa = XCBuildConfiguration;
			buildSettings = {
				ALWAYS_SEARCH_USER_PATHS = NO;
				CLANG_CXX_LANGUAGE_STANDARD = "gnu++0x";
				CLANG_CXX_LIBRARY = "libc++";
				CLANG_ENABLE_MODULES = YES;
				CLANG_ENABLE_OBJC_ARC = YES;
				CLANG_WARN_BOOL_CONVERSION = YES;
				CLANG_WARN_CONSTANT_CONVERSION = YES;
				CLANG_WARN_DIRECT_OBJC_ISA_USAGE = YES_ERROR;
				CLANG_WARN_EMPTY_BODY = YES;
				CLANG_WARN_ENUM_CONVERSION = YES;
				CLANG_WARN_INT_CONVERSION = YES;
				CLANG_WARN_OBJC_ROOT_CLASS = YES_ERROR;
				CLANG_WARN_UNREACHABLE_CODE = YES;
				CLANG_WARN__DUPLICATE_METHOD_MATCH = YES;
				"CODE_SIGN_IDENTITY[sdk=iphoneos*]" = "iPhone Developer";
				COPY_PHASE_STRIP = YES;
				ENABLE_NS_ASSERTIONS = NO;
				ENABLE_STRICT_OBJC_MSGSEND = YES;
				GCC_C_LANGUAGE_STANDARD = gnu99;
				GCC_WARN_64_TO_32_BIT_CONVERSION = YES;
				GCC_WARN_ABOUT_RETURN_TYPE = YES_ERROR;
				GCC_WARN_UNDECLARED_SELECTOR = YES;
				GCC_WARN_UNINITIALIZED_AUTOS = YES_AGGRESSIVE;
				GCC_WARN_UNUSED_FUNCTION = YES;
				GCC_WARN_UNUSED_VARIABLE = YES;
				IPHONEOS_DEPLOYMENT_TARGET = 8.0;
				METAL_ENABLE_DEBUG_INFO = NO;
				SDKROOT = iphoneos;
				TARGETED_DEVICE_FAMILY = "1,2";
				VALIDATE_PRODUCT = YES;
			};
			name = Release;
		};
		D335FFDA1954E37500F46F80 /* Debug */ = {
			isa = XCBuildConfiguration;
			baseConfigurationReference = 2807CA18E9354715BC95AB17 /* Pods-DeclarativeExperiment.xcconfig */;
			buildSettings = {
				ASSETCATALOG_COMPILER_APPICON_NAME = AppIcon;
				ASSETCATALOG_COMPILER_LAUNCHIMAGE_NAME = LaunchImage;
				INFOPLIST_FILE = DeclarativeExperiment/Info.plist;
				IPHONEOS_DEPLOYMENT_TARGET = 7.1;
				LD_RUNPATH_SEARCH_PATHS = "$(inherited) @executable_path/Frameworks";
				PRODUCT_NAME = "$(TARGET_NAME)";
			};
			name = Debug;
		};
		D335FFDB1954E37500F46F80 /* Release */ = {
			isa = XCBuildConfiguration;
			baseConfigurationReference = 2807CA18E9354715BC95AB17 /* Pods-DeclarativeExperiment.xcconfig */;
			buildSettings = {
				ASSETCATALOG_COMPILER_APPICON_NAME = AppIcon;
				ASSETCATALOG_COMPILER_LAUNCHIMAGE_NAME = LaunchImage;
				INFOPLIST_FILE = DeclarativeExperiment/Info.plist;
				IPHONEOS_DEPLOYMENT_TARGET = 7.1;
				LD_RUNPATH_SEARCH_PATHS = "$(inherited) @executable_path/Frameworks";
				PRODUCT_NAME = "$(TARGET_NAME)";
			};
			name = Release;
		};
		D335FFDD1954E37500F46F80 /* Debug */ = {
			isa = XCBuildConfiguration;
			buildSettings = {
				BUNDLE_LOADER = "$(BUILT_PRODUCTS_DIR)/DeclarativeExperiment.app/DeclarativeExperiment";
				FRAMEWORK_SEARCH_PATHS = (
					"$(SDKROOT)/Developer/Library/Frameworks",
					"$(inherited)",
				);
				GCC_PREPROCESSOR_DEFINITIONS = (
					"DEBUG=1",
					"$(inherited)",
				);
				INFOPLIST_FILE = DeclarativeExperimentTests/Info.plist;
				IPHONEOS_DEPLOYMENT_TARGET = 7.1;
				LD_RUNPATH_SEARCH_PATHS = "$(inherited) @executable_path/Frameworks @loader_path/Frameworks";
				METAL_ENABLE_DEBUG_INFO = YES;
				PRODUCT_NAME = "$(TARGET_NAME)";
				TEST_HOST = "$(BUNDLE_LOADER)";
			};
			name = Debug;
		};
		D335FFDE1954E37500F46F80 /* Release */ = {
			isa = XCBuildConfiguration;
			buildSettings = {
				BUNDLE_LOADER = "$(BUILT_PRODUCTS_DIR)/DeclarativeExperiment.app/DeclarativeExperiment";
				FRAMEWORK_SEARCH_PATHS = (
					"$(SDKROOT)/Developer/Library/Frameworks",
					"$(inherited)",
				);
				INFOPLIST_FILE = DeclarativeExperimentTests/Info.plist;
				IPHONEOS_DEPLOYMENT_TARGET = 7.1;
				LD_RUNPATH_SEARCH_PATHS = "$(inherited) @executable_path/Frameworks @loader_path/Frameworks";
				METAL_ENABLE_DEBUG_INFO = NO;
				PRODUCT_NAME = "$(TARGET_NAME)";
				TEST_HOST = "$(BUNDLE_LOADER)";
			};
			name = Release;
		};
/* End XCBuildConfiguration section */

/* Begin XCConfigurationList section */
		D335FFB41954E37400F46F80 /* Build configuration list for PBXProject "DeclarativeExperiment" */ = {
			isa = XCConfigurationList;
			buildConfigurations = (
				D335FFD71954E37500F46F80 /* Debug */,
				D335FFD81954E37500F46F80 /* Release */,
			);
			defaultConfigurationIsVisible = 0;
			defaultConfigurationName = Release;
		};
		D335FFD91954E37500F46F80 /* Build configuration list for PBXNativeTarget "DeclarativeExperiment" */ = {
			isa = XCConfigurationList;
			buildConfigurations = (
				D335FFDA1954E37500F46F80 /* Debug */,
				D335FFDB1954E37500F46F80 /* Release */,
			);
			defaultConfigurationIsVisible = 0;
			defaultConfigurationName = Release;
		};
		D335FFDC1954E37500F46F80 /* Build configuration list for PBXNativeTarget "DeclarativeExperimentTests" */ = {
			isa = XCConfigurationList;
			buildConfigurations = (
				D335FFDD1954E37500F46F80 /* Debug */,
				D335FFDE1954E37500F46F80 /* Release */,
			);
			defaultConfigurationIsVisible = 0;
			defaultConfigurationName = Release;
		};
/* End XCConfigurationList section */
	};
	rootObject = D335FFB11954E37400F46F80 /* Project object */;
}
